// !$*UTF8*$!
{
	archiveVersion = 1;
	classes = {
	};
	objectVersion = 50;
	objects = {

/* Begin PBXBuildFile section */
		80033D9822C0682800C719E9 /* AppDelegate.m in Sources */ = {isa = PBXBuildFile; fileRef = 80033D9722C0682800C719E9 /* AppDelegate.m */; };
		80033D9B22C0682800C719E9 /* ViewController.m in Sources */ = {isa = PBXBuildFile; fileRef = 80033D9A22C0682800C719E9 /* ViewController.m */; };
		80033D9E22C0682800C719E9 /* Main.storyboard in Resources */ = {isa = PBXBuildFile; fileRef = 80033D9C22C0682800C719E9 /* Main.storyboard */; };
		80033DA022C0682900C719E9 /* Assets.xcassets in Resources */ = {isa = PBXBuildFile; fileRef = 80033D9F22C0682900C719E9 /* Assets.xcassets */; };
		80033DA322C0682900C719E9 /* LaunchScreen.storyboard in Resources */ = {isa = PBXBuildFile; fileRef = 80033DA122C0682900C719E9 /* LaunchScreen.storyboard */; };
		80033DA622C0682900C719E9 /* main.m in Sources */ = {isa = PBXBuildFile; fileRef = 80033DA522C0682900C719E9 /* main.m */; };
		80033DAF22C069CB00C719E9 /* UINavigationController+FDFullscreenPopGesture.m in Sources */ = {isa = PBXBuildFile; fileRef = 80033DAD22C069CB00C719E9 /* UINavigationController+FDFullscreenPopGesture.m */; };
		D02AC1D82397620F00527A6D /* Demo1ViewController.m in Sources */ = {isa = PBXBuildFile; fileRef = D02AC1D72397620F00527A6D /* Demo1ViewController.m */; };
		D02AC1DB2397621900527A6D /* Demo2ViewController.m in Sources */ = {isa = PBXBuildFile; fileRef = D02AC1DA2397621900527A6D /* Demo2ViewController.m */; };
		D02AC1DE2397622300527A6D /* Demo3ViewController.m in Sources */ = {isa = PBXBuildFile; fileRef = D02AC1DD2397622300527A6D /* Demo3ViewController.m */; };
		D02AC1E1239762B100527A6D /* Demo0ViewController.m in Sources */ = {isa = PBXBuildFile; fileRef = D02AC1E0239762B100527A6D /* Demo0ViewController.m */; };
		D02AC1E423977DB700527A6D /* FDNavigationViewController.m in Sources */ = {isa = PBXBuildFile; fileRef = D02AC1E323977DB700527A6D /* FDNavigationViewController.m */; };
/* End PBXBuildFile section */

/* Begin PBXFileReference section */
		80033D9322C0682800C719E9 /* WZFullscreenPopGesture.app */ = {isa = PBXFileReference; explicitFileType = wrapper.application; includeInIndex = 0; path = WZFullscreenPopGesture.app; sourceTree = BUILT_PRODUCTS_DIR; };
		80033D9622C0682800C719E9 /* AppDelegate.h */ = {isa = PBXFileReference; lastKnownFileType = sourcecode.c.h; path = AppDelegate.h; sourceTree = "<group>"; };
		80033D9722C0682800C719E9 /* AppDelegate.m */ = {isa = PBXFileReference; lastKnownFileType = sourcecode.c.objc; path = AppDelegate.m; sourceTree = "<group>"; };
		80033D9922C0682800C719E9 /* ViewController.h */ = {isa = PBXFileReference; lastKnownFileType = sourcecode.c.h; path = ViewController.h; sourceTree = "<group>"; };
		80033D9A22C0682800C719E9 /* ViewController.m */ = {isa = PBXFileReference; lastKnownFileType = sourcecode.c.objc; path = ViewController.m; sourceTree = "<group>"; };
		80033D9D22C0682800C719E9 /* Base */ = {isa = PBXFileReference; lastKnownFileType = file.storyboard; name = Base; path = Base.lproj/Main.storyboard; sourceTree = "<group>"; };
		80033D9F22C0682900C719E9 /* Assets.xcassets */ = {isa = PBXFileReference; lastKnownFileType = folder.assetcatalog; path = Assets.xcassets; sourceTree = "<group>"; };
		80033DA222C0682900C719E9 /* Base */ = {isa = PBXFileReference; lastKnownFileType = file.storyboard; name = Base; path = Base.lproj/LaunchScreen.storyboard; sourceTree = "<group>"; };
		80033DA422C0682900C719E9 /* Info.plist */ = {isa = PBXFileReference; lastKnownFileType = text.plist.xml; path = Info.plist; sourceTree = "<group>"; };
		80033DA522C0682900C719E9 /* main.m */ = {isa = PBXFileReference; lastKnownFileType = sourcecode.c.objc; path = main.m; sourceTree = "<group>"; };
		80033DAD22C069CB00C719E9 /* UINavigationController+FDFullscreenPopGesture.m */ = {isa = PBXFileReference; fileEncoding = 4; lastKnownFileType = sourcecode.c.objc; path = "UINavigationController+FDFullscreenPopGesture.m"; sourceTree = "<group>"; };
		80033DAE22C069CB00C719E9 /* UINavigationController+FDFullscreenPopGesture.h */ = {isa = PBXFileReference; fileEncoding = 4; lastKnownFileType = sourcecode.c.h; path = "UINavigationController+FDFullscreenPopGesture.h"; sourceTree = "<group>"; };
		D02AC1D62397620F00527A6D /* Demo1ViewController.h */ = {isa = PBXFileReference; lastKnownFileType = sourcecode.c.h; path = Demo1ViewController.h; sourceTree = "<group>"; };
		D02AC1D72397620F00527A6D /* Demo1ViewController.m */ = {isa = PBXFileReference; lastKnownFileType = sourcecode.c.objc; path = Demo1ViewController.m; sourceTree = "<group>"; };
		D02AC1D92397621900527A6D /* Demo2ViewController.h */ = {isa = PBXFileReference; lastKnownFileType = sourcecode.c.h; path = Demo2ViewController.h; sourceTree = "<group>"; };
		D02AC1DA2397621900527A6D /* Demo2ViewController.m */ = {isa = PBXFileReference; lastKnownFileType = sourcecode.c.objc; path = Demo2ViewController.m; sourceTree = "<group>"; };
		D02AC1DC2397622300527A6D /* Demo3ViewController.h */ = {isa = PBXFileReference; lastKnownFileType = sourcecode.c.h; path = Demo3ViewController.h; sourceTree = "<group>"; };
		D02AC1DD2397622300527A6D /* Demo3ViewController.m */ = {isa = PBXFileReference; lastKnownFileType = sourcecode.c.objc; path = Demo3ViewController.m; sourceTree = "<group>"; };
		D02AC1DF239762B100527A6D /* Demo0ViewController.h */ = {isa = PBXFileReference; lastKnownFileType = sourcecode.c.h; path = Demo0ViewController.h; sourceTree = "<group>"; };
		D02AC1E0239762B100527A6D /* Demo0ViewController.m */ = {isa = PBXFileReference; lastKnownFileType = sourcecode.c.objc; path = Demo0ViewController.m; sourceTree = "<group>"; };
		D02AC1E223977DB700527A6D /* FDNavigationViewController.h */ = {isa = PBXFileReference; lastKnownFileType = sourcecode.c.h; path = FDNavigationViewController.h; sourceTree = "<group>"; };
		D02AC1E323977DB700527A6D /* FDNavigationViewController.m */ = {isa = PBXFileReference; lastKnownFileType = sourcecode.c.objc; path = FDNavigationViewController.m; sourceTree = "<group>"; };
/* End PBXFileReference section */

/* Begin PBXFrameworksBuildPhase section */
		80033D9022C0682800C719E9 /* Frameworks */ = {
			isa = PBXFrameworksBuildPhase;
			buildActionMask = 2147483647;
			files = (
			);
			runOnlyForDeploymentPostprocessing = 0;
		};
/* End PBXFrameworksBuildPhase section */

/* Begin PBXGroup section */
		80033D8A22C0682800C719E9 = {
			isa = PBXGroup;
			children = (
				80033D9522C0682800C719E9 /* WZFullscreenPopGesture */,
				80033D9422C0682800C719E9 /* Products */,
			);
			sourceTree = "<group>";
		};
		80033D9422C0682800C719E9 /* Products */ = {
			isa = PBXGroup;
			children = (
				80033D9322C0682800C719E9 /* WZFullscreenPopGesture.app */,
			);
			name = Products;
			sourceTree = "<group>";
		};
		80033D9522C0682800C719E9 /* WZFullscreenPopGesture */ = {
			isa = PBXGroup;
			children = (
				80033DAC22C0698400C719E9 /* Core */,
				80033D9622C0682800C719E9 /* AppDelegate.h */,
				80033D9722C0682800C719E9 /* AppDelegate.m */,
				80033D9922C0682800C719E9 /* ViewController.h */,
				80033D9A22C0682800C719E9 /* ViewController.m */,
				D02AC1E223977DB700527A6D /* FDNavigationViewController.h */,
				D02AC1E323977DB700527A6D /* FDNavigationViewController.m */,
				D02AC1DF239762B100527A6D /* Demo0ViewController.h */,
				D02AC1E0239762B100527A6D /* Demo0ViewController.m */,
				D02AC1D62397620F00527A6D /* Demo1ViewController.h */,
				D02AC1D72397620F00527A6D /* Demo1ViewController.m */,
				D02AC1D92397621900527A6D /* Demo2ViewController.h */,
				D02AC1DA2397621900527A6D /* Demo2ViewController.m */,
				D02AC1DC2397622300527A6D /* Demo3ViewController.h */,
				D02AC1DD2397622300527A6D /* Demo3ViewController.m */,
				80033D9C22C0682800C719E9 /* Main.storyboard */,
				80033D9F22C0682900C719E9 /* Assets.xcassets */,
				80033DA122C0682900C719E9 /* LaunchScreen.storyboard */,
				80033DA422C0682900C719E9 /* Info.plist */,
				80033DA522C0682900C719E9 /* main.m */,
			);
			path = WZFullscreenPopGesture;
			sourceTree = "<group>";
		};
		80033DAC22C0698400C719E9 /* Core */ = {
			isa = PBXGroup;
			children = (
				80033DAE22C069CB00C719E9 /* UINavigationController+FDFullscreenPopGesture.h */,
				80033DAD22C069CB00C719E9 /* UINavigationController+FDFullscreenPopGesture.m */,
			);
			path = Core;
			sourceTree = "<group>";
		};
/* End PBXGroup section */

/* Begin PBXNativeTarget section */
		80033D9222C0682800C719E9 /* WZFullscreenPopGesture */ = {
			isa = PBXNativeTarget;
			buildConfigurationList = 80033DA922C0682900C719E9 /* Build configuration list for PBXNativeTarget "WZFullscreenPopGesture" */;
			buildPhases = (
				80033D8F22C0682800C719E9 /* Sources */,
				80033D9022C0682800C719E9 /* Frameworks */,
				80033D9122C0682800C719E9 /* Resources */,
			);
			buildRules = (
			);
			dependencies = (
			);
			name = WZFullscreenPopGesture;
			productName = WZFullscreenPopGesture;
			productReference = 80033D9322C0682800C719E9 /* WZFullscreenPopGesture.app */;
			productType = "com.apple.product-type.application";
		};
/* End PBXNativeTarget section */

/* Begin PBXProject section */
		80033D8B22C0682800C719E9 /* Project object */ = {
			isa = PBXProject;
			attributes = {
				LastUpgradeCheck = 1020;
				ORGANIZATIONNAME = "xiaobin liu";
				TargetAttributes = {
					80033D9222C0682800C719E9 = {
						CreatedOnToolsVersion = 10.2.1;
					};
				};
			};
			buildConfigurationList = 80033D8E22C0682800C719E9 /* Build configuration list for PBXProject "WZFullscreenPopGesture" */;
			compatibilityVersion = "Xcode 9.3";
			developmentRegion = en;
			hasScannedForEncodings = 0;
			knownRegions = (
				en,
				Base,
			);
			mainGroup = 80033D8A22C0682800C719E9;
			productRefGroup = 80033D9422C0682800C719E9 /* Products */;
			projectDirPath = "";
			projectRoot = "";
			targets = (
				80033D9222C0682800C719E9 /* WZFullscreenPopGesture */,
			);
		};
/* End PBXProject section */

/* Begin PBXResourcesBuildPhase section */
		80033D9122C0682800C719E9 /* Resources */ = {
			isa = PBXResourcesBuildPhase;
			buildActionMask = 2147483647;
			files = (
				80033DA322C0682900C719E9 /* LaunchScreen.storyboard in Resources */,
				80033DA022C0682900C719E9 /* Assets.xcassets in Resources */,
				80033D9E22C0682800C719E9 /* Main.storyboard in Resources */,
			);
			runOnlyForDeploymentPostprocessing = 0;
		};
/* End PBXResourcesBuildPhase section */

/* Begin PBXSourcesBuildPhase section */
		80033D8F22C0682800C719E9 /* Sources */ = {
			isa = PBXSourcesBuildPhase;
			buildActionMask = 2147483647;
			files = (
				80033D9B22C0682800C719E9 /* ViewController.m in Sources */,
				D02AC1D82397620F00527A6D /* Demo1ViewController.m in Sources */,
				80033DA622C0682900C719E9 /* main.m in Sources */,
				80033DAF22C069CB00C719E9 /* UINavigationController+FDFullscreenPopGesture.m in Sources */,
				D02AC1DB2397621900527A6D /* Demo2ViewController.m in Sources */,
				80033D9822C0682800C719E9 /* AppDelegate.m in Sources */,
				D02AC1DE2397622300527A6D /* Demo3ViewController.m in Sources */,
				D02AC1E423977DB700527A6D /* FDNavigationViewController.m in Sources */,
				D02AC1E1239762B100527A6D /* Demo0ViewController.m in Sources */,
			);
			runOnlyForDeploymentPostprocessing = 0;
		};
/* End PBXSourcesBuildPhase section */

/* Begin PBXVariantGroup section */
		80033D9C22C0682800C719E9 /* Main.storyboard */ = {
			isa = PBXVariantGroup;
			children = (
				80033D9D22C0682800C719E9 /* Base */,
			);
			name = Main.storyboard;
			sourceTree = "<group>";
		};
		80033DA122C0682900C719E9 /* LaunchScreen.storyboard */ = {
			isa = PBXVariantGroup;
			children = (
				80033DA222C0682900C719E9 /* Base */,
			);
			name = LaunchScreen.storyboard;
			sourceTree = "<group>";
		};
/* End PBXVariantGroup section */

/* Begin XCBuildConfiguration section */
		80033DA722C0682900C719E9 /* Debug */ = {
			isa = XCBuildConfiguration;
			buildSettings = {
				ALWAYS_SEARCH_USER_PATHS = NO;
				CLANG_ANALYZER_NONNULL = YES;
				CLANG_ANALYZER_NUMBER_OBJECT_CONVERSION = YES_AGGRESSIVE;
				CLANG_CXX_LANGUAGE_STANDARD = "gnu++14";
				CLANG_CXX_LIBRARY = "libc++";
				CLANG_ENABLE_MODULES = YES;
				CLANG_ENABLE_OBJC_ARC = YES;
				CLANG_ENABLE_OBJC_WEAK = YES;
				CLANG_WARN_BLOCK_CAPTURE_AUTORELEASING = YES;
				CLANG_WARN_BOOL_CONVERSION = YES;
				CLANG_WARN_COMMA = YES;
				CLANG_WARN_CONSTANT_CONVERSION = YES;
				CLANG_WARN_DEPRECATED_OBJC_IMPLEMENTATIONS = YES;
				CLANG_WARN_DIRECT_OBJC_ISA_USAGE = YES_ERROR;
				CLANG_WARN_DOCUMENTATION_COMMENTS = YES;
				CLANG_WARN_EMPTY_BODY = YES;
				CLANG_WARN_ENUM_CONVERSION = YES;
				CLANG_WARN_INFINITE_RECURSION = YES;
				CLANG_WARN_INT_CONVERSION = YES;
				CLANG_WARN_NON_LITERAL_NULL_CONVERSION = YES;
				CLANG_WARN_OBJC_IMPLICIT_RETAIN_SELF = YES;
				CLANG_WARN_OBJC_LITERAL_CONVERSION = YES;
				CLANG_WARN_OBJC_ROOT_CLASS = YES_ERROR;
				CLANG_WARN_RANGE_LOOP_ANALYSIS = YES;
				CLANG_WARN_STRICT_PROTOTYPES = YES;
				CLANG_WARN_SUSPICIOUS_MOVE = YES;
				CLANG_WARN_UNGUARDED_AVAILABILITY = YES_AGGRESSIVE;
				CLANG_WARN_UNREACHABLE_CODE = YES;
				CLANG_WARN__DUPLICATE_METHOD_MATCH = YES;
				CODE_SIGN_IDENTITY = "iPhone Developer";
				COPY_PHASE_STRIP = NO;
				DEBUG_INFORMATION_FORMAT = dwarf;
				ENABLE_STRICT_OBJC_MSGSEND = YES;
				ENABLE_TESTABILITY = YES;
				GCC_C_LANGUAGE_STANDARD = gnu11;
				GCC_DYNAMIC_NO_PIC = NO;
				GCC_NO_COMMON_BLOCKS = YES;
				GCC_OPTIMIZATION_LEVEL = 0;
				GCC_PREPROCESSOR_DEFINITIONS = (
					"DEBUG=1",
					"$(inherited)",
				);
				GCC_WARN_64_TO_32_BIT_CONVERSION = YES;
				GCC_WARN_ABOUT_RETURN_TYPE = YES_ERROR;
				GCC_WARN_UNDECLARED_SELECTOR = YES;
				GCC_WARN_UNINITIALIZED_AUTOS = YES_AGGRESSIVE;
				GCC_WARN_UNUSED_FUNCTION = YES;
				GCC_WARN_UNUSED_VARIABLE = YES;
				IPHONEOS_DEPLOYMENT_TARGET = 12.2;
				MTL_ENABLE_DEBUG_INFO = INCLUDE_SOURCE;
				MTL_FAST_MATH = YES;
				ONLY_ACTIVE_ARCH = YES;
				SDKROOT = iphoneos;
			};
			name = Debug;
		};
		80033DA822C0682900C719E9 /* Release */ = {
			isa = XCBuildConfiguration;
			buildSettings = {
				ALWAYS_SEARCH_USER_PATHS = NO;
				CLANG_ANALYZER_NONNULL = YES;
				CLANG_ANALYZER_NUMBER_OBJECT_CONVERSION = YES_AGGRESSIVE;
				CLANG_CXX_LANGUAGE_STANDARD = "gnu++14";
				CLANG_CXX_LIBRARY = "libc++";
				CLANG_ENABLE_MODULES = YES;
				CLANG_ENABLE_OBJC_ARC = YES;
				CLANG_ENABLE_OBJC_WEAK = YES;
				CLANG_WARN_BLOCK_CAPTURE_AUTORELEASING = YES;
				CLANG_WARN_BOOL_CONVERSION = YES;
				CLANG_WARN_COMMA = YES;
				CLANG_WARN_CONSTANT_CONVERSION = YES;
				CLANG_WARN_DEPRECATED_OBJC_IMPLEMENTATIONS = YES;
				CLANG_WARN_DIRECT_OBJC_ISA_USAGE = YES_ERROR;
				CLANG_WARN_DOCUMENTATION_COMMENTS = YES;
				CLANG_WARN_EMPTY_BODY = YES;
				CLANG_WARN_ENUM_CONVERSION = YES;
				CLANG_WARN_INFINITE_RECURSION = YES;
				CLANG_WARN_INT_CONVERSION = YES;
				CLANG_WARN_NON_LITERAL_NULL_CONVERSION = YES;
				CLANG_WARN_OBJC_IMPLICIT_RETAIN_SELF = YES;
				CLANG_WARN_OBJC_LITERAL_CONVERSION = YES;
				CLANG_WARN_OBJC_ROOT_CLASS = YES_ERROR;
				CLANG_WARN_RANGE_LOOP_ANALYSIS = YES;
				CLANG_WARN_STRICT_PROTOTYPES = YES;
				CLANG_WARN_SUSPICIOUS_MOVE = YES;
				CLANG_WARN_UNGUARDED_AVAILABILITY = YES_AGGRESSIVE;
				CLANG_WARN_UNREACHABLE_CODE = YES;
				CLANG_WARN__DUPLICATE_METHOD_MATCH = YES;
				CODE_SIGN_IDENTITY = "iPhone Developer";
				COPY_PHASE_STRIP = NO;
				DEBUG_INFORMATION_FORMAT = "dwarf-with-dsym";
				ENABLE_NS_ASSERTIONS = NO;
				ENABLE_STRICT_OBJC_MSGSEND = YES;
				GCC_C_LANGUAGE_STANDARD = gnu11;
				GCC_NO_COMMON_BLOCKS = YES;
				GCC_WARN_64_TO_32_BIT_CONVERSION = YES;
				GCC_WARN_ABOUT_RETURN_TYPE = YES_ERROR;
				GCC_WARN_UNDECLARED_SELECTOR = YES;
				GCC_WARN_UNINITIALIZED_AUTOS = YES_AGGRESSIVE;
				GCC_WARN_UNUSED_FUNCTION = YES;
				GCC_WARN_UNUSED_VARIABLE = YES;
				IPHONEOS_DEPLOYMENT_TARGET = 12.2;
				MTL_ENABLE_DEBUG_INFO = NO;
				MTL_FAST_MATH = YES;
				SDKROOT = iphoneos;
				VALIDATE_PRODUCT = YES;
			};
			name = Release;
		};
		80033DAA22C0682900C719E9 /* Debug */ = {
			isa = XCBuildConfiguration;
			buildSettings = {
				ASSETCATALOG_COMPILER_APPICON_NAME = AppIcon;
				CODE_SIGN_STYLE = Automatic;
				DEVELOPMENT_TEAM = TA399PG2C9;
				INFOPLIST_FILE = WZFullscreenPopGesture/Info.plist;
				IPHONEOS_DEPLOYMENT_TARGET = 9.0;
				LD_RUNPATH_SEARCH_PATHS = (
					"$(inherited)",
					"@executable_path/Frameworks",
				);
				PRODUCT_BUNDLE_IDENTIFIER = com.wzly.new;
				PRODUCT_NAME = "$(TARGET_NAME)";
				TARGETED_DEVICE_FAMILY = "1,2";
			};
			name = Debug;
		};
		80033DAB22C0682900C719E9 /* Release */ = {
			isa = XCBuildConfiguration;
			buildSettings = {
				ASSETCATALOG_COMPILER_APPICON_NAME = AppIcon;
				CODE_SIGN_STYLE = Automatic;
				DEVELOPMENT_TEAM = TA399PG2C9;
				INFOPLIST_FILE = WZFullscreenPopGesture/Info.plist;
				IPHONEOS_DEPLOYMENT_TARGET = 9.0;
				LD_RUNPATH_SEARCH_PATHS = (
					"$(inherited)",
					"@executable_path/Frameworks",
				);
				PRODUCT_BUNDLE_IDENTIFIER = com.wzly.new;
				PRODUCT_NAME = "$(TARGET_NAME)";
				TARGETED_DEVICE_FAMILY = "1,2";
			};
			name = Release;
		};
/* End XCBuildConfiguration section */

/* Begin XCConfigurationList section */
		80033D8E22C0682800C719E9 /* Build configuration list for PBXProject "WZFullscreenPopGesture" */ = {
			isa = XCConfigurationList;
			buildConfigurations = (
				80033DA722C0682900C719E9 /* Debug */,
				80033DA822C0682900C719E9 /* Release */,
			);
			defaultConfigurationIsVisible = 0;
			defaultConfigurationName = Release;
		};
		80033DA922C0682900C719E9 /* Build configuration list for PBXNativeTarget "WZFullscreenPopGesture" */ = {
			isa = XCConfigurationList;
			buildConfigurations = (
				80033DAA22C0682900C719E9 /* Debug */,
				80033DAB22C0682900C719E9 /* Release */,
			);
			defaultConfigurationIsVisible = 0;
			defaultConfigurationName = Release;
		};
/* End XCConfigurationList section */
	};
	rootObject = 80033D8B22C0682800C719E9 /* Project object */;
}
